<?xml version="1.0" encoding="utf-8"?>
<Project ToolsVersion="4.0" xmlns="http://schemas.microsoft.com/developer/msbuild/2003">
  <ItemGroup>
    <Filter Include="Source Files">
      <UniqueIdentifier>{4FC737F1-C7A5-4376-A066-2A32D752A2FF}</UniqueIdentifier>
      <Extensions>cpp;c;cc;cxx;def;odl;idl;hpj;bat;asm;asmx</Extensions>
    </Filter>
    <Filter Include="Header Files">
      <UniqueIdentifier>{93995380-89BD-4b04-88EB-625FBE52EBFB}</UniqueIdentifier>
      <Extensions>h;hh;hpp;hxx;hm;inl;inc;ipp;xsd</Extensions>
    </Filter>
    <Filter Include="UI">
      <UniqueIdentifier>{8c2c4306-26bc-41ec-a1cf-1572f85113ad}</UniqueIdentifier>
    </Filter>
    <Filter Include="RPN_ShuntingYard">
      <UniqueIdentifier>{88a3c85d-f3ff-4a03-b5f0-b194d2aba338}</UniqueIdentifier>
    </Filter>
    <Filter Include="List Functions">
      <UniqueIdentifier>{9654be14-0568-4635-b7b7-9ce9f2516122}</UniqueIdentifier>
    </Filter>
  </ItemGroup>
  <ItemGroup>
    <ClInclude Include="GraphPlane.h">
      <Filter>UI</Filter>
    </ClInclude>
    <ClInclude Include="Dimensions.h">
      <Filter>UI</Filter>
    </ClInclude>
    <ClInclude Include="InputField.h">
      <Filter>UI</Filter>
    </ClInclude>
    <ClInclude Include="Interface.h">
      <Filter>UI</Filter>
    </ClInclude>
    <ClInclude Include="Sidebar.h">
      <Filter>UI</Filter>
    </ClInclude>
    <ClInclude Include="..\..\ReversePolish\ReversePolish\Linked_List.h">
      <Filter>List Functions</Filter>
    </ClInclude>
    <ClInclude Include="..\..\ReversePolish\ReversePolish\LinkedList.h">
      <Filter>List Functions</Filter>
    </ClInclude>
    <ClInclude Include="..\..\ReversePolish\ReversePolish\List.h">
      <Filter>List Functions</Filter>
    </ClInclude>
    <ClInclude Include="..\..\ReversePolish\ReversePolish\Queue.h">
      <Filter>List Functions</Filter>
    </ClInclude>
    <ClInclude Include="..\..\ReversePolish\ReversePolish\Simple_List.h">
      <Filter>List Functions</Filter>
    </ClInclude>
    <ClInclude Include="..\..\ReversePolish\ReversePolish\Token.h">
      <Filter>RPN_ShuntingYard</Filter>
    </ClInclude>
    <ClInclude Include="..\..\ReversePolish\ReversePolish\StringToQueue.h">
      <Filter>RPN_ShuntingYard</Filter>
    </ClInclude>
    <ClInclude Include="..\..\ReversePolish\ReversePolish\ShuntingYard.h">
      <Filter>RPN_ShuntingYard</Filter>
    </ClInclude>
    <ClInclude Include="..\..\ReversePolish\ReversePolish\Operator.h">
      <Filter>RPN_ShuntingYard</Filter>
    </ClInclude>
    <ClInclude Include="..\..\ReversePolish\ReversePolish\Operand.h">
      <Filter>RPN_ShuntingYard</Filter>
    </ClInclude>
    <ClInclude Include="..\..\ReversePolish\ReversePolish\FunctionOperator.h">
      <Filter>RPN_ShuntingYard</Filter>
    </ClInclude>
    <ClInclude Include="Coordinates.h">
      <Filter>Header Files</Filter>
    </ClInclude>
    <ClInclude Include="Banner.h">
      <Filter>UI</Filter>
    </ClInclude>
    <ClInclude Include="UserFunction.h">
      <Filter>UI</Filter>
    </ClInclude>
    <ClInclude Include="sfVectorConversion.h">
      <Filter>Header Files</Filter>
    </ClInclude>
    <ClInclude Include="..\..\ReversePolish\ReversePolish\Stack.h">
      <Filter>List Functions</Filter>
    </ClInclude>
  </ItemGroup>
  <ItemGroup>
    <ClCompile Include="main.cpp">
      <Filter>Source Files</Filter>
    </ClCompile>
    <ClCompile Include="Sidebar.cpp">
      <Filter>UI</Filter>
    </ClCompile>
    <ClCompile Include="Interface.cpp">
      <Filter>UI</Filter>
    </ClCompile>
    <ClCompile Include="GraphPlane.cpp">
      <Filter>UI</Filter>
    </ClCompile>
    <ClCompile Include="..\..\ReversePolish\ReversePolish\FunctionOperator.cpp">
      <Filter>RPN_ShuntingYard</Filter>
    </ClCompile>
    <ClCompile Include="Banner.cpp">
      <Filter>UI</Filter>
    </ClCompile>
    <ClCompile Include="InputField.cpp">
      <Filter>UI</Filter>
    </ClCompile>
    <ClCompile Include="UserFunction.cpp">
      <Filter>UI</Filter>
    </ClCompile>
    <ClCompile Include="..\..\ReversePolish\ReversePolish\evaluate.h">
      <Filter>RPN_ShuntingYard</Filter>
    </ClCompile>
  </ItemGroup>
</Project>